
Microsoft Visual Studio Solution File, Format Version 12.00
# Visual Studio Version 16
VisualStudioVersion = 16.0.30114.105
MinimumVisualStudioVersion = 10.0.40219.1
Project("{FAE04EC0-301F-11D3-BF4B-00C04F79EFBC}") = "UnitTests", "UnitTests\UnitTests.csproj", "{2EF87519-2A80-4F70-A49D-85CFF8DCC92A}"
EndProject
Project("{FAE04EC0-301F-11D3-BF4B-00C04F79EFBC}") = "UI", "UI\UI.csproj", "{9212E567-74D5-4ECA-A9AD-80DC7AC92A64}"
EndProject
Project("{FAE04EC0-301F-11D3-BF4B-00C04F79EFBC}") = "ClassLibrary", "ClassLibrary\ClassLibrary.csproj", "{01824AFB-791E-4681-AB96-ED1F95085DDF}"
EndProject
Global
	GlobalSection(SolutionConfigurationPlatforms) = preSolution
		Debug|Any CPU = Debug|Any CPU
		Debug|x64 = Debug|x64
		Debug|x86 = Debug|x86
		Release|Any CPU = Release|Any CPU
		Release|x64 = Release|x64
		Release|x86 = Release|x86
	EndGlobalSection
	GlobalSection(SolutionProperties) = preSolution
		HideSolutionNode = FALSE
	EndGlobalSection
	GlobalSection(ProjectConfigurationPlatforms) = postSolution
		{2EF87519-2A80-4F70-A49D-85CFF8DCC92A}.Debug|Any CPU.ActiveCfg = Debug|Any CPU
		{2EF87519-2A80-4F70-A49D-85CFF8DCC92A}.Debug|Any CPU.Build.0 = Debug|Any CPU
		{2EF87519-2A80-4F70-A49D-85CFF8DCC92A}.Debug|x64.ActiveCfg = Debug|Any CPU
		{2EF87519-2A80-4F70-A49D-85CFF8DCC92A}.Debug|x64.Build.0 = Debug|Any CPU
		{2EF87519-2A80-4F70-A49D-85CFF8DCC92A}.Debug|x86.ActiveCfg = Debug|Any CPU
		{2EF87519-2A80-4F70-A49D-85CFF8DCC92A}.Debug|x86.Build.0 = Debug|Any CPU
		{2EF87519-2A80-4F70-A49D-85CFF8DCC92A}.Release|Any CPU.ActiveCfg = Release|Any CPU
		{2EF87519-2A80-4F70-A49D-85CFF8DCC92A}.Release|Any CPU.Build.0 = Release|Any CPU
		{2EF87519-2A80-4F70-A49D-85CFF8DCC92A}.Release|x64.ActiveCfg = Release|Any CPU
		{2EF87519-2A80-4F70-A49D-85CFF8DCC92A}.Release|x64.Build.0 = Release|Any CPU
		{2EF87519-2A80-4F70-A49D-85CFF8DCC92A}.Release|x86.ActiveCfg = Release|Any CPU
		{2EF87519-2A80-4F70-A49D-85CFF8DCC92A}.Release|x86.Build.0 = Release|Any CPU
		{9212E567-74D5-4ECA-A9AD-80DC7AC92A64}.Debug|Any CPU.ActiveCfg = Debug|Any CPU
		{9212E567-74D5-4ECA-A9AD-80DC7AC92A64}.Debug|Any CPU.Build.0 = Debug|Any CPU
		{9212E567-74D5-4ECA-A9AD-80DC7AC92A64}.Debug|x64.ActiveCfg = Debug|Any CPU
		{9212E567-74D5-4ECA-A9AD-80DC7AC92A64}.Debug|x64.Build.0 = Debug|Any CPU
		{9212E567-74D5-4ECA-A9AD-80DC7AC92A64}.Debug|x86.ActiveCfg = Debug|Any CPU
		{9212E567-74D5-4ECA-A9AD-80DC7AC92A64}.Debug|x86.Build.0 = Debug|Any CPU
		{9212E567-74D5-4ECA-A9AD-80DC7AC92A64}.Release|Any CPU.ActiveCfg = Release|Any CPU
		{9212E567-74D5-4ECA-A9AD-80DC7AC92A64}.Release|Any CPU.Build.0 = Release|Any CPU
		{9212E567-74D5-4ECA-A9AD-80DC7AC92A64}.Release|x64.ActiveCfg = Release|Any CPU
		{9212E567-74D5-4ECA-A9AD-80DC7AC92A64}.Release|x64.Build.0 = Release|Any CPU
		{9212E567-74D5-4ECA-A9AD-80DC7AC92A64}.Release|x86.ActiveCfg = Release|Any CPU
		{9212E567-74D5-4ECA-A9AD-80DC7AC92A64}.Release|x86.Build.0 = Release|Any CPU
		{01824AFB-791E-4681-AB96-ED1F95085DDF}.Debug|Any CPU.ActiveCfg = Debug|Any CPU
		{01824AFB-791E-4681-AB96-ED1F95085DDF}.Debug|Any CPU.Build.0 = Debug|Any CPU
		{01824AFB-791E-4681-AB96-ED1F95085DDF}.Debug|x64.ActiveCfg = Debug|Any CPU
		{01824AFB-791E-4681-AB96-ED1F95085DDF}.Debug|x64.Build.0 = Debug|Any CPU
		{01824AFB-791E-4681-AB96-ED1F95085DDF}.Debug|x86.ActiveCfg = Debug|Any CPU
		{01824AFB-791E-4681-AB96-ED1F95085DDF}.Debug|x86.Build.0 = Debug|Any CPU
		{01824AFB-791E-4681-AB96-ED1F95085DDF}.Release|Any CPU.ActiveCfg = Release|Any CPU
		{01824AFB-791E-4681-AB96-ED1F95085DDF}.Release|Any CPU.Build.0 = Release|Any CPU
		{01824AFB-791E-4681-AB96-ED1F95085DDF}.Release|x64.ActiveCfg = Release|Any CPU
		{01824AFB-791E-4681-AB96-ED1F95085DDF}.Release|x64.Build.0 = Release|Any CPU
		{01824AFB-791E-4681-AB96-ED1F95085DDF}.Release|x86.ActiveCfg = Release|Any CPU
		{01824AFB-791E-4681-AB96-ED1F95085DDF}.Release|x86.Build.0 = Release|Any CPU
	EndGlobalSection
EndGlobal
